// !$*UTF8*$!
{
	archiveVersion = 1;
	classes = {
	};
	objectVersion = 48;
	objects = {

/* Begin PBXBuildFile section */
		B1EA24F52061D3FE00F37DB4 /* Animal Face StickerPackExtension.appex in Embed App Extensions */ = {isa = PBXBuildFile; fileRef = B1EA24F42061D3FE00F37DB4 /* Animal Face StickerPackExtension.appex */; settings = {ATTRIBUTES = (RemoveHeadersOnCopy, ); }; };
		B1EA24F92061D3FE00F37DB4 /* Stickers.xcstickers in Resources */ = {isa = PBXBuildFile; fileRef = B1EA24F82061D3FE00F37DB4 /* Stickers.xcstickers */; };
		B1EA24FA2061D3FE00F37DB4 /* Stickers.xcstickers in Resources */ = {isa = PBXBuildFile; fileRef = B1EA24F82061D3FE00F37DB4 /* Stickers.xcstickers */; };
/* End PBXBuildFile section */

/* Begin PBXContainerItemProxy section */
		B1EA24F62061D3FE00F37DB4 /* PBXContainerItemProxy */ = {
			isa = PBXContainerItemProxy;
			containerPortal = B1EA24EA2061D3FE00F37DB4 /* Project object */;
			proxyType = 1;
			remoteGlobalIDString = B1EA24F32061D3FE00F37DB4;
			remoteInfo = "Animal Face StickerPackExtension";
		};
/* End PBXContainerItemProxy section */

/* Begin PBXCopyFilesBuildPhase section */
		B1EA25002061D3FE00F37DB4 /* Embed App Extensions */ = {
			isa = PBXCopyFilesBuildPhase;
			buildActionMask = 2147483647;
			dstPath = "";
			dstSubfolderSpec = 13;
			files = (
				B1EA24F52061D3FE00F37DB4 /* Animal Face StickerPackExtension.appex in Embed App Extensions */,
			);
			name = "Embed App Extensions";
			runOnlyForDeploymentPostprocessing = 0;
		};
/* End PBXCopyFilesBuildPhase section */

/* Begin PBXFileReference section */
		B1EA24F02061D3FE00F37DB4 /* Animal Face.app */ = {isa = PBXFileReference; explicitFileType = wrapper.application; includeInIndex = 0; path = "Animal Face.app"; sourceTree = BUILT_PRODUCTS_DIR; };
		B1EA24F42061D3FE00F37DB4 /* Animal Face StickerPackExtension.appex */ = {isa = PBXFileReference; explicitFileType = "wrapper.app-extension"; includeInIndex = 0; path = "Animal Face StickerPackExtension.appex"; sourceTree = BUILT_PRODUCTS_DIR; };
		B1EA24F82061D3FE00F37DB4 /* Stickers.xcstickers */ = {isa = PBXFileReference; lastKnownFileType = folder.stickers; name = Stickers.xcstickers; path = "Animal Face StickerPackExtension/Stickers.xcstickers"; sourceTree = "<group>"; };
/* End PBXFileReference section */

/* Begin PBXGroup section */
		B1EA24E92061D3FD00F37DB4 = {
			isa = PBXGroup;
			children = (
				B1EA24F82061D3FE00F37DB4 /* Stickers.xcstickers */,
				B1EA24F12061D3FE00F37DB4 /* Products */,
			);
			sourceTree = "<group>";
		};
		B1EA24F12061D3FE00F37DB4 /* Products */ = {
			isa = PBXGroup;
			children = (
				B1EA24F02061D3FE00F37DB4 /* Animal Face.app */,
				B1EA24F42061D3FE00F37DB4 /* Animal Face StickerPackExtension.appex */,
			);
			name = Products;
			sourceTree = "<group>";
		};
/* End PBXGroup section */

/* Begin PBXNativeTarget section */
		B1EA24EF2061D3FE00F37DB4 /* Animal Face */ = {
			isa = PBXNativeTarget;
			buildConfigurationList = B1EA25012061D3FE00F37DB4 /* Build configuration list for PBXNativeTarget "Animal Face" */;
			buildPhases = (
				B1EA24EE2061D3FE00F37DB4 /* Resources */,
				B1EA25002061D3FE00F37DB4 /* Embed App Extensions */,
			);
			buildRules = (
			);
			dependencies = (
				B1EA24F72061D3FE00F37DB4 /* PBXTargetDependency */,
			);
			name = "Animal Face";
			productName = "Animal Face";
			productReference = B1EA24F02061D3FE00F37DB4 /* Animal Face.app */;
			productType = "com.apple.product-type.application.messages";
		};
		B1EA24F32061D3FE00F37DB4 /* Animal Face StickerPackExtension */ = {
			isa = PBXNativeTarget;
			buildConfigurationList = B1EA24FD2061D3FE00F37DB4 /* Build configuration list for PBXNativeTarget "Animal Face StickerPackExtension" */;
			buildPhases = (
				B1EA24F22061D3FE00F37DB4 /* Resources */,
			);
			buildRules = (
			);
			dependencies = (
			);
			name = "Animal Face StickerPackExtension";
			productName = "Animal Face StickerPackExtension";
			productReference = B1EA24F42061D3FE00F37DB4 /* Animal Face StickerPackExtension.appex */;
			productType = "com.apple.product-type.app-extension.messages-sticker-pack";
		};
/* End PBXNativeTarget section */

/* Begin PBXProject section */
		B1EA24EA2061D3FE00F37DB4 /* Project object */ = {
			isa = PBXProject;
			attributes = {
				LastUpgradeCheck = 0920;
				ORGANIZATIONNAME = "Borges Applications";
				TargetAttributes = {
					B1EA24EF2061D3FE00F37DB4 = {
						CreatedOnToolsVersion = 9.2;
						ProvisioningStyle = Automatic;
					};
					B1EA24F32061D3FE00F37DB4 = {
						CreatedOnToolsVersion = 9.2;
						ProvisioningStyle = Automatic;
					};
				};
			};
			buildConfigurationList = B1EA24ED2061D3FE00F37DB4 /* Build configuration list for PBXProject "Animal Face" */;
			compatibilityVersion = "Xcode 8.0";
			developmentRegion = en;
			hasScannedForEncodings = 0;
			knownRegions = (
				en,
			);
			mainGroup = B1EA24E92061D3FD00F37DB4;
			productRefGroup = B1EA24F12061D3FE00F37DB4 /* Products */;
			projectDirPath = "";
			projectRoot = "";
			targets = (
				B1EA24EF2061D3FE00F37DB4 /* Animal Face */,
				B1EA24F32061D3FE00F37DB4 /* Animal Face StickerPackExtension */,
			);
		};
/* End PBXProject section */

/* Begin PBXResourcesBuildPhase section */
		B1EA24EE2061D3FE00F37DB4 /* Resources */ = {
			isa = PBXResourcesBuildPhase;
			buildActionMask = 2147483647;
			files = (
				B1EA24FA2061D3FE00F37DB4 /* Stickers.xcstickers in Resources */,
			);
			runOnlyForDeploymentPostprocessing = 0;
		};
		B1EA24F22061D3FE00F37DB4 /* Resources */ = {
			isa = PBXResourcesBuildPhase;
			buildActionMask = 2147483647;
			files = (
				B1EA24F92061D3FE00F37DB4 /* Stickers.xcstickers in Resources */,
			);
			runOnlyForDeploymentPostprocessing = 0;
		};
/* End PBXResourcesBuildPhase section */

/* Begin PBXTargetDependency section */
		B1EA24F72061D3FE00F37DB4 /* PBXTargetDependency */ = {
			isa = PBXTargetDependency;
			target = B1EA24F32061D3FE00F37DB4 /* Animal Face StickerPackExtension */;
			targetProxy = B1EA24F62061D3FE00F37DB4 /* PBXContainerItemProxy */;
		};
/* End PBXTargetDependency section */

/* Begin XCBuildConfiguration section */
		B1EA24FB2061D3FE00F37DB4 /* Debug */ = {
			isa = XCBuildConfiguration;
			buildSettings = {
				ALWAYS_SEARCH_USER_PATHS = NO;
				CLANG_ANALYZER_NONNULL = YES;
				CLANG_ANALYZER_NUMBER_OBJECT_CONVERSION = YES_AGGRESSIVE;
				CLANG_CXX_LANGUAGE_STANDARD = "gnu++14";
				CLANG_CXX_LIBRARY = "libc++";
				CLANG_ENABLE_MODULES = YES;
				CLANG_ENABLE_OBJC_ARC = YES;
				CLANG_WARN_BLOCK_CAPTURE_AUTORELEASING = YES;
				CLANG_WARN_BOOL_CONVERSION = YES;
				CLANG_WARN_COMMA = YES;
				CLANG_WARN_CONSTANT_CONVERSION = YES;
				CLANG_WARN_DIRECT_OBJC_ISA_USAGE = YES_ERROR;
				CLANG_WARN_DOCUMENTATION_COMMENTS = YES;
				CLANG_WARN_EMPTY_BODY = YES;
				CLANG_WARN_ENUM_CONVERSION = YES;
				CLANG_WARN_INFINITE_RECURSION = YES;
				CLANG_WARN_INT_CONVERSION = YES;
				CLANG_WARN_NON_LITERAL_NULL_CONVERSION = YES;
				CLANG_WARN_OBJC_LITERAL_CONVERSION = YES;
				CLANG_WARN_OBJC_ROOT_CLASS = YES_ERROR;
				CLANG_WARN_RANGE_LOOP_ANALYSIS = YES;
				CLANG_WARN_STRICT_PROTOTYPES = YES;
				CLANG_WARN_SUSPICIOUS_MOVE = YES;
				CLANG_WARN_UNGUARDED_AVAILABILITY = YES_AGGRESSIVE;
				CLANG_WARN_UNREACHABLE_CODE = YES;
				CLANG_WARN__DUPLICATE_METHOD_MATCH = YES;
				CODE_SIGN_IDENTITY = "iPhone Developer";
				COPY_PHASE_STRIP = NO;
				DEBUG_INFORMATION_FORMAT = dwarf;
				ENABLE_STRICT_OBJC_MSGSEND = YES;
				ENABLE_TESTABILITY = YES;
				GCC_C_LANGUAGE_STANDARD = gnu11;
				GCC_DYNAMIC_NO_PIC = NO;
				GCC_NO_COMMON_BLOCKS = YES;
				GCC_OPTIMIZATION_LEVEL = 0;
				GCC_PREPROCESSOR_DEFINITIONS = (
					"DEBUG=1",
					"$(inherited)",
				);
				GCC_WARN_64_TO_32_BIT_CONVERSION = YES;
				GCC_WARN_ABOUT_RETURN_TYPE = YES_ERROR;
				GCC_WARN_UNDECLARED_SELECTOR = YES;
				GCC_WARN_UNINITIALIZED_AUTOS = YES_AGGRESSIVE;
				GCC_WARN_UNUSED_FUNCTION = YES;
				GCC_WARN_UNUSED_VARIABLE = YES;
				IPHONEOS_DEPLOYMENT_TARGET = 11.2;
				MTL_ENABLE_DEBUG_INFO = YES;
				ONLY_ACTIVE_ARCH = YES;
				SDKROOT = iphoneos;
			};
			name = Debug;
		};
		B1EA24FC2061D3FE00F37DB4 /* Release */ = {
			isa = XCBuildConfiguration;
			buildSettings = {
				ALWAYS_SEARCH_USER_PATHS = NO;
				CLANG_ANALYZER_NONNULL = YES;
				CLANG_ANALYZER_NUMBER_OBJECT_CONVERSION = YES_AGGRESSIVE;
				CLANG_CXX_LANGUAGE_STANDARD = "gnu++14";
				CLANG_CXX_LIBRARY = "libc++";
				CLANG_ENABLE_MODULES = YES;
				CLANG_ENABLE_OBJC_ARC = YES;
				CLANG_WARN_BLOCK_CAPTURE_AUTORELEASING = YES;
				CLANG_WARN_BOOL_CONVERSION = YES;
				CLANG_WARN_COMMA = YES;
				CLANG_WARN_CONSTANT_CONVERSION = YES;
				CLANG_WARN_DIRECT_OBJC_ISA_USAGE = YES_ERROR;
				CLANG_WARN_DOCUMENTATION_COMMENTS = YES;
				CLANG_WARN_EMPTY_BODY = YES;
				CLANG_WARN_ENUM_CONVERSION = YES;
				CLANG_WARN_INFINITE_RECURSION = YES;
				CLANG_WARN_INT_CONVERSION = YES;
				CLANG_WARN_NON_LITERAL_NULL_CONVERSION = YES;
				CLANG_WARN_OBJC_LITERAL_CONVERSION = YES;
				CLANG_WARN_OBJC_ROOT_CLASS = YES_ERROR;
				CLANG_WARN_RANGE_LOOP_ANALYSIS = YES;
				CLANG_WARN_STRICT_PROTOTYPES = YES;
				CLANG_WARN_SUSPICIOUS_MOVE = YES;
				CLANG_WARN_UNGUARDED_AVAILABILITY = YES_AGGRESSIVE;
				CLANG_WARN_UNREACHABLE_CODE = YES;
				CLANG_WARN__DUPLICATE_METHOD_MATCH = YES;
				CODE_SIGN_IDENTITY = "iPhone Developer";
				COPY_PHASE_STRIP = NO;
				DEBUG_INFORMATION_FORMAT = "dwarf-with-dsym";
				ENABLE_NS_ASSERTIONS = NO;
				ENABLE_STRICT_OBJC_MSGSEND = YES;
				GCC_C_LANGUAGE_STANDARD = gnu11;
				GCC_NO_COMMON_BLOCKS = YES;
				GCC_WARN_64_TO_32_BIT_CONVERSION = YES;
				GCC_WARN_ABOUT_RETURN_TYPE = YES_ERROR;
				GCC_WARN_UNDECLARED_SELECTOR = YES;
				GCC_WARN_UNINITIALIZED_AUTOS = YES_AGGRESSIVE;
				GCC_WARN_UNUSED_FUNCTION = YES;
				GCC_WARN_UNUSED_VARIABLE = YES;
				IPHONEOS_DEPLOYMENT_TARGET = 11.2;
				MTL_ENABLE_DEBUG_INFO = NO;
				SDKROOT = iphoneos;
				VALIDATE_PRODUCT = YES;
			};
			name = Release;
		};
		B1EA24FE2061D3FE00F37DB4 /* Debug */ = {
			isa = XCBuildConfiguration;
			buildSettings = {
				ASSETCATALOG_COMPILER_APPICON_NAME = "iMessage App Icon";
				CODE_SIGN_STYLE = Automatic;
				DEVELOPMENT_TEAM = 3A85R2QL2J;
				INFOPLIST_FILE = "Animal Face StickerPackExtension/Info.plist";
				PRODUCT_BUNDLE_IDENTIFIER = "com.BorgesApplications.Stickers.Animal-Face.StickerPackExtension";
				PRODUCT_NAME = "$(TARGET_NAME)";
				SKIP_INSTALL = YES;
				TARGETED_DEVICE_FAMILY = "1,2";
			};
			name = Debug;
		};
		B1EA24FF2061D3FE00F37DB4 /* Release */ = {
			isa = XCBuildConfiguration;
			buildSettings = {
				ASSETCATALOG_COMPILER_APPICON_NAME = "iMessage App Icon";
				CODE_SIGN_STYLE = Automatic;
				DEVELOPMENT_TEAM = 3A85R2QL2J;
				INFOPLIST_FILE = "Animal Face StickerPackExtension/Info.plist";
				PRODUCT_BUNDLE_IDENTIFIER = "com.BorgesApplications.Stickers.Animal-Face.StickerPackExtension";
				PRODUCT_NAME = "$(TARGET_NAME)";
				SKIP_INSTALL = YES;
				TARGETED_DEVICE_FAMILY = "1,2";
			};
			name = Release;
		};
		B1EA25022061D3FE00F37DB4 /* Debug */ = {
			isa = XCBuildConfiguration;
			buildSettings = {
				ASSETCATALOG_COMPILER_APPICON_NAME = "iMessage App Icon";
				CODE_SIGN_STYLE = Automatic;
				DEVELOPMENT_TEAM = 3A85R2QL2J;
				INFOPLIST_FILE = "Animal Face/Info.plist";
				PRODUCT_BUNDLE_IDENTIFIER = "com.BorgesApplications.Stickers.Animal-Face";
				PRODUCT_NAME = "$(TARGET_NAME)";
				TARGETED_DEVICE_FAMILY = "1,2";
			};
			name = Debug;
		};
		B1EA25032061D3FE00F37DB4 /* Release */ = {
			isa = XCBuildConfiguration;
			buildSettings = {
				ASSETCATALOG_COMPILER_APPICON_NAME = "iMessage App Icon";
				CODE_SIGN_STYLE = Automatic;
				DEVELOPMENT_TEAM = 3A85R2QL2J;
				INFOPLIST_FILE = "Animal Face/Info.plist";
				PRODUCT_BUNDLE_IDENTIFIER = "com.BorgesApplications.Stickers.Animal-Face";
				PRODUCT_NAME = "$(TARGET_NAME)";
				TARGETED_DEVICE_FAMILY = "1,2";
			};
			name = Release;
		};
/* End XCBuildConfiguration section */

/* Begin XCConfigurationList section */
		B1EA24ED2061D3FE00F37DB4 /* Build configuration list for PBXProject "Animal Face" */ = {
			isa = XCConfigurationList;
			buildConfigurations = (
				B1EA24FB2061D3FE00F37DB4 /* Debug */,
				B1EA24FC2061D3FE00F37DB4 /* Release */,
			);
			defaultConfigurationIsVisible = 0;
			defaultConfigurationName = Release;
		};
		B1EA24FD2061D3FE00F37DB4 /* Build configuration list for PBXNativeTarget "Animal Face StickerPackExtension" */ = {
			isa = XCConfigurationList;
			buildConfigurations = (
				B1EA24FE2061D3FE00F37DB4 /* Debug */,
				B1EA24FF2061D3FE00F37DB4 /* Release */,
			);
			defaultConfigurationIsVisible = 0;
			defaultConfigurationName = Release;
		};
		B1EA25012061D3FE00F37DB4 /* Build configuration list for PBXNativeTarget "Animal Face" */ = {
			isa = XCConfigurationList;
			buildConfigurations = (
				B1EA25022061D3FE00F37DB4 /* Debug */,
				B1EA25032061D3FE00F37DB4 /* Release */,
			);
			defaultConfigurationIsVisible = 0;
			defaultConfigurationName = Release;
		};
/* End XCConfigurationList section */
	};
	rootObject = B1EA24EA2061D3FE00F37DB4 /* Project object */;
}
